
Microsoft Visual Studio Solution File, Format Version 12.00
# Visual Studio Version 16
VisualStudioVersion = 16.0.31229.75
MinimumVisualStudioVersion = 10.0.40219.1
Project("{9A19103F-16F7-4668-BE54-9A1E7A4F7556}") = "Zadatak1", "Zadatak1\Zadatak1.csproj", "{8A9C89DD-6F3C-49F9-BADF-951A6AC31AD6}"
EndProject
Project("{9A19103F-16F7-4668-BE54-9A1E7A4F7556}") = "Zadatak2", "Zadatak2\Zadatak2.csproj", "{21D89F1D-453A-4E2B-80FD-3CF1B94BF225}"
EndProject
Project("{9A19103F-16F7-4668-BE54-9A1E7A4F7556}") = "Zadatak7", "Zadatak7\Zadatak7.csproj", "{4296F603-F273-48AF-A9C7-EDE72066A7C5}"
EndProject
Project("{FAE04EC0-301F-11D3-BF4B-00C04F79EFBC}") = "Zadatak8", "Zadatak8\Zadatak8.csproj", "{D6EE7233-EED0-425E-9DD6-F18AA0878664}"
EndProject
Global
	GlobalSection(SolutionConfigurationPlatforms) = preSolution
		Debug|Any CPU = Debug|Any CPU
		Release|Any CPU = Release|Any CPU
	EndGlobalSection
	GlobalSection(ProjectConfigurationPlatforms) = postSolution
		{8A9C89DD-6F3C-49F9-BADF-951A6AC31AD6}.Debug|Any CPU.ActiveCfg = Debug|Any CPU
		{8A9C89DD-6F3C-49F9-BADF-951A6AC31AD6}.Debug|Any CPU.Build.0 = Debug|Any CPU
		{8A9C89DD-6F3C-49F9-BADF-951A6AC31AD6}.Release|Any CPU.ActiveCfg = Release|Any CPU
		{8A9C89DD-6F3C-49F9-BADF-951A6AC31AD6}.Release|Any CPU.Build.0 = Release|Any CPU
		{21D89F1D-453A-4E2B-80FD-3CF1B94BF225}.Debug|Any CPU.ActiveCfg = Debug|Any CPU
		{21D89F1D-453A-4E2B-80FD-3CF1B94BF225}.Debug|Any CPU.Build.0 = Debug|Any CPU
		{21D89F1D-453A-4E2B-80FD-3CF1B94BF225}.Release|Any CPU.ActiveCfg = Release|Any CPU
		{21D89F1D-453A-4E2B-80FD-3CF1B94BF225}.Release|Any CPU.Build.0 = Release|Any CPU
		{4296F603-F273-48AF-A9C7-EDE72066A7C5}.Debug|Any CPU.ActiveCfg = Debug|Any CPU
		{4296F603-F273-48AF-A9C7-EDE72066A7C5}.Debug|Any CPU.Build.0 = Debug|Any CPU
		{4296F603-F273-48AF-A9C7-EDE72066A7C5}.Release|Any CPU.ActiveCfg = Release|Any CPU
		{4296F603-F273-48AF-A9C7-EDE72066A7C5}.Release|Any CPU.Build.0 = Release|Any CPU
		{D6EE7233-EED0-425E-9DD6-F18AA0878664}.Debug|Any CPU.ActiveCfg = Debug|Any CPU
		{D6EE7233-EED0-425E-9DD6-F18AA0878664}.Debug|Any CPU.Build.0 = Debug|Any CPU
		{D6EE7233-EED0-425E-9DD6-F18AA0878664}.Release|Any CPU.ActiveCfg = Release|Any CPU
		{D6EE7233-EED0-425E-9DD6-F18AA0878664}.Release|Any CPU.Build.0 = Release|Any CPU
	EndGlobalSection
	GlobalSection(SolutionProperties) = preSolution
		HideSolutionNode = FALSE
	EndGlobalSection
	GlobalSection(ExtensibilityGlobals) = postSolution
		SolutionGuid = {A57361A7-0F57-4124-8A64-A06B701E06BA}
	EndGlobalSection
EndGlobal
